{
  "name": "opentofu-dist",
  "version": "v1.6.0-2",
  "lockfileVersion": 2,
  "requires": true,
  "packages": {
    "": {
      "name": "opentofu-dist",
      "version": "v1.6.0-2",
      "license": "MIT",
      "optionalDependencies": {
        "opentofu-dist-darwin-arm64": "v1.6.0-2",
        "opentofu-dist-darwin-x64": "v1.6.0-2",
        "opentofu-dist-linux-arm64": "v1.6.0-2",
        "opentofu-dist-linux-x64": "v1.6.0-2",
        "opentofu-dist-win32-x64": "v1.6.0-2"
      }
    }
  }
}
