{
  "name": "opentofu-dist",
  "version": "v1.6.1-3",
  "lockfileVersion": 3,
  "requires": true,
  "packages": {
    "": {
      "name": "opentofu-dist",
      "version": "v1.6.1-3",
      "license": "MIT",
      "optionalDependencies": {
        "opentofu-dist-darwin-arm64": "v1.6.1-3",
        "opentofu-dist-darwin-x64": "v1.6.1-3",
        "opentofu-dist-linux-arm64": "v1.6.1-3",
        "opentofu-dist-linux-x64": "v1.6.1-3",
        "opentofu-dist-win32-x64": "v1.6.1-3"
      }
    },
    "node_modules/opentofu-dist-linux-arm64": {
      "version": "1.6.1-3",
      "resolved": "https://registry.npmjs.org/opentofu-dist-linux-arm64/-/opentofu-dist-linux-arm64-1.6.1-3.tgz",
      "integrity": "sha512-ejdEALhL54LjmqpGeS6X7EecAlzglGxUjOBn9BMg/qQIrFCAL37GhQrjs84HqabJ91A47+VRBhJ5e/cj7K3jBg==",
      "cpu": [
        "arm64"
      ],
      "optional": true,
      "os": [
        "linux"
      ],
      "bin": {
        "opentofu-dist-linux-arm64": "tofu"
      }
    },
    "node_modules/opentofu-dist-linux-x64": {
      "version": "1.6.1-3",
      "resolved": "https://registry.npmjs.org/opentofu-dist-linux-x64/-/opentofu-dist-linux-x64-1.6.1-3.tgz",
      "integrity": "sha512-TYm7+IDuG/uLIa+XtfPOLRYKCSpphQHlXRJlgj85Mm0VI7bWmK8ihc+r2PyiJxe4cWYucMAnLPeGjJY0whYJ4g==",
      "cpu": [
        "x64"
      ],
      "optional": true,
      "os": [
        "linux"
      ],
      "bin": {
        "opentofu-dist-linux-x64": "tofu"
      }
    }
  }
}
