{
  "name": "opentofu-dist",
  "version": "v1.6.0-3",
  "lockfileVersion": 3,
  "requires": true,
  "packages": {
    "": {
      "name": "opentofu-dist",
      "version": "v1.6.0-3",
      "license": "MIT",
      "optionalDependencies": {
        "opentofu-dist-darwin-arm64": "v1.6.0-3",
        "opentofu-dist-darwin-x64": "v1.6.0-3",
        "opentofu-dist-linux-arm64": "v1.6.0-3",
        "opentofu-dist-linux-x64": "v1.6.0-3",
        "opentofu-dist-win32-x64": "v1.6.0-3"
      }
    },
    "node_modules/opentofu-dist-darwin-arm64": {
      "version": "1.6.0-3",
      "resolved": "https://registry.npmjs.org/opentofu-dist-darwin-arm64/-/opentofu-dist-darwin-arm64-1.6.0-3.tgz",
      "integrity": "sha512-BznY39EkNtps7ahkU7HhH67muoGKzvAWB+rkJWtFrWrwbLpXL2yeK65QT+en/4X4FwkJN5PPPIOmVfgLmHJpKg==",
      "cpu": [
        "arm64"
      ],
      "optional": true,
      "os": [
        "darwin"
      ],
      "bin": {
        "opentofu-dist-darwin-arm64": "tofu"
      }
    },
    "node_modules/opentofu-dist-darwin-x64": {
      "version": "1.6.0-3",
      "resolved": "https://registry.npmjs.org/opentofu-dist-darwin-x64/-/opentofu-dist-darwin-x64-1.6.0-3.tgz",
      "integrity": "sha512-yWoCAkpCaHK8mqErhwuNpwstnBCOncLIy+agPmkukU9pU9WpuAoYUDoVeIA2IAqbzwhtKEufCN06XqMzn/Q+FQ==",
      "cpu": [
        "x64"
      ],
      "optional": true,
      "os": [
        "darwin"
      ],
      "bin": {
        "opentofu-dist-darwin-x64": "tofu"
      }
    },
    "node_modules/opentofu-dist-linux-arm64": {
      "version": "1.6.0-3",
      "resolved": "https://registry.npmjs.org/opentofu-dist-linux-arm64/-/opentofu-dist-linux-arm64-1.6.0-3.tgz",
      "integrity": "sha512-Y1Ddue38WRp6auHGRDWa23sVS5h2lOMF+G1YgqxXNWrxNnQCYY+d6JkwSUH1u8x+WXgEeKluWIe+N/zdoeAabw==",
      "cpu": [
        "arm64"
      ],
      "optional": true,
      "os": [
        "linux"
      ],
      "bin": {
        "opentofu-dist-linux-arm64": "tofu"
      }
    },
    "node_modules/opentofu-dist-linux-x64": {
      "version": "1.6.0-3",
      "resolved": "https://registry.npmjs.org/opentofu-dist-linux-x64/-/opentofu-dist-linux-x64-1.6.0-3.tgz",
      "integrity": "sha512-hmb9S1XtOgLYRpaGIaMTkrh2lZSjj2CKts/jNrPWpKL+ZQdY0PdCrSmRCvXvW/plhIXVv2mRJTGQZfGPKiKgBA==",
      "cpu": [
        "x64"
      ],
      "optional": true,
      "os": [
        "linux"
      ],
      "bin": {
        "opentofu-dist-linux-x64": "tofu"
      }
    }
  }
}
